
Microsoft Visual Studio Solution File, Format Version 12.00
# Visual Studio 15
VisualStudioVersion = 15.0.28307.438
MinimumVisualStudioVersion = 10.0.40219.1
Project("{FAE04EC0-301F-11D3-BF4B-00C04F79EFBC}") = "WPF_task_new_level_2", "WPF_task_new_level_2\WPF_task_new_level_2.csproj", "{5DBCAE04-CA21-4F9A-9CA3-9ED88F61EDEF}"
EndProject
Project("{FAE04EC0-301F-11D3-BF4B-00C04F79EFBC}") = "ORM", "ORM\ORM.csproj", "{6E3B3B58-1B28-4559-8A70-4DBE8E4D37CB}"
EndProject
Global
	GlobalSection(SolutionConfigurationPlatforms) = preSolution
		Debug|Any CPU = Debug|Any CPU
		Release|Any CPU = Release|Any CPU
	EndGlobalSection
	GlobalSection(ProjectConfigurationPlatforms) = postSolution
		{5DBCAE04-CA21-4F9A-9CA3-9ED88F61EDEF}.Debug|Any CPU.ActiveCfg = Debug|Any CPU
		{5DBCAE04-CA21-4F9A-9CA3-9ED88F61EDEF}.Debug|Any CPU.Build.0 = Debug|Any CPU
		{5DBCAE04-CA21-4F9A-9CA3-9ED88F61EDEF}.Release|Any CPU.ActiveCfg = Release|Any CPU
		{5DBCAE04-CA21-4F9A-9CA3-9ED88F61EDEF}.Release|Any CPU.Build.0 = Release|Any CPU
		{6E3B3B58-1B28-4559-8A70-4DBE8E4D37CB}.Debug|Any CPU.ActiveCfg = Debug|Any CPU
		{6E3B3B58-1B28-4559-8A70-4DBE8E4D37CB}.Debug|Any CPU.Build.0 = Debug|Any CPU
		{6E3B3B58-1B28-4559-8A70-4DBE8E4D37CB}.Release|Any CPU.ActiveCfg = Release|Any CPU
		{6E3B3B58-1B28-4559-8A70-4DBE8E4D37CB}.Release|Any CPU.Build.0 = Release|Any CPU
	EndGlobalSection
	GlobalSection(SolutionProperties) = preSolution
		HideSolutionNode = FALSE
	EndGlobalSection
	GlobalSection(ExtensibilityGlobals) = postSolution
		SolutionGuid = {399CB4BD-329D-4A05-8928-D68865A2BF3F}
	EndGlobalSection
EndGlobal
